
Microsoft Visual Studio Solution File, Format Version 12.00
# Visual Studio 15
Project("{FAE04EC0-301F-11D3-BF4B-00C04F79EFBC}") = "UnityEngine.UI", "UnityEngine.UI.csproj", "{54EA0A08-0FBE-C91B-66AA-7A977471196E}"
EndProject
Project("{FAE04EC0-301F-11D3-BF4B-00C04F79EFBC}") = "UnityEngine.TestRunner", "UnityEngine.TestRunner.csproj", "{BBE8A993-39A6-07A4-59E3-47DB62505201}"
EndProject
Project("{FAE04EC0-301F-11D3-BF4B-00C04F79EFBC}") = "Unity.Mathematics", "Unity.Mathematics.csproj", "{53D977D7-DF62-11D3-2827-A99F21F7A627}"
EndProject
Project("{FAE04EC0-301F-11D3-BF4B-00C04F79EFBC}") = "Unity.2D.Animation.Triangle.Runtime", "Unity.2D.Animation.Triangle.Runtime.csproj", "{AB7A8C04-E4A0-9244-B292-CB90E2E1190E}"
EndProject
Project("{FAE04EC0-301F-11D3-BF4B-00C04F79EFBC}") = "Unity.Timeline", "Unity.Timeline.csproj", "{0C7A42EC-48D0-3D98-6315-6670118175A2}"
EndProject
Project("{FAE04EC0-301F-11D3-BF4B-00C04F79EFBC}") = "Unity.TextMeshPro", "Unity.TextMeshPro.csproj", "{D48C9171-566F-1345-F6EC-411AC2E65FC7}"
EndProject
Project("{FAE04EC0-301F-11D3-BF4B-00C04F79EFBC}") = "Unity.2D.Animation.Runtime", "Unity.2D.Animation.Runtime.csproj", "{B07F55A3-7B87-03A4-B2BC-F9030958C095}"
EndProject
Project("{FAE04EC0-301F-11D3-BF4B-00C04F79EFBC}") = "Unity.2D.IK.Runtime", "Unity.2D.IK.Runtime.csproj", "{00946800-9838-65EB-0B6F-3F18FE1F8E49}"
EndProject
Project("{FAE04EC0-301F-11D3-BF4B-00C04F79EFBC}") = "Unity.2D.SpriteShape.Runtime", "Unity.2D.SpriteShape.Runtime.csproj", "{76CB7F70-365B-82A9-7077-90EF154BC80B}"
EndProject
Project("{FAE04EC0-301F-11D3-BF4B-00C04F79EFBC}") = "Assembly-CSharp", "Assembly-CSharp.csproj", "{2C4A69FD-65C5-51D5-16C6-FFEB9B2DDE07}"
EndProject
Project("{FAE04EC0-301F-11D3-BF4B-00C04F79EFBC}") = "Unity.2D.PixelPerfect", "Unity.2D.PixelPerfect.csproj", "{DF060C37-B4F5-7880-01BA-D87A0232B1FD}"
EndProject
Project("{FAE04EC0-301F-11D3-BF4B-00C04F79EFBC}") = "Unity.2D.Common.Runtime", "Unity.2D.Common.Runtime.csproj", "{819D1404-5E3F-5E78-41E4-7D2B138A7507}"
EndProject
Project("{FAE04EC0-301F-11D3-BF4B-00C04F79EFBC}") = "Unity.InternalAPIEngineBridge.001", "Unity.InternalAPIEngineBridge.001.csproj", "{D1982816-703C-2FDF-1D34-D5792C450CAE}"
EndProject
Project("{FAE04EC0-301F-11D3-BF4B-00C04F79EFBC}") = "UnityEditor.TestRunner", "UnityEditor.TestRunner.csproj", "{85064787-403A-66FC-A654-DC3A96D699EE}"
EndProject
Project("{FAE04EC0-301F-11D3-BF4B-00C04F79EFBC}") = "UnityEditor.UI", "UnityEditor.UI.csproj", "{943ECBD0-80B6-8F88-6585-2CE3FDCBCE9C}"
EndProject
Project("{FAE04EC0-301F-11D3-BF4B-00C04F79EFBC}") = "Unity.Timeline.Editor", "Unity.Timeline.Editor.csproj", "{C92B299C-7D76-C002-AC95-F68849CAEF47}"
EndProject
Project("{FAE04EC0-301F-11D3-BF4B-00C04F79EFBC}") = "Unity.VisualStudio.Editor", "Unity.VisualStudio.Editor.csproj", "{12965A71-B5E9-5170-7F16-401BADA41939}"
EndProject
Project("{FAE04EC0-301F-11D3-BF4B-00C04F79EFBC}") = "Unity.2D.Psdimporter.Editor", "Unity.2D.Psdimporter.Editor.csproj", "{0E746D07-4A19-CECE-2C11-980B64212FD0}"
EndProject
Project("{FAE04EC0-301F-11D3-BF4B-00C04F79EFBC}") = "Unity.2D.Animation.Editor", "Unity.2D.Animation.Editor.csproj", "{5F0E373F-734E-9478-7BC4-4512F2BF6A38}"
EndProject
Project("{FAE04EC0-301F-11D3-BF4B-00C04F79EFBC}") = "Unity.TextMeshPro.Editor", "Unity.TextMeshPro.Editor.csproj", "{CF2CE575-75F1-6872-EE79-A44722BB5D67}"
EndProject
Project("{FAE04EC0-301F-11D3-BF4B-00C04F79EFBC}") = "Unity.2D.SpriteShape.Editor", "Unity.2D.SpriteShape.Editor.csproj", "{936ED0B0-5F0C-E30C-D12E-D691366AE729}"
EndProject
Project("{FAE04EC0-301F-11D3-BF4B-00C04F79EFBC}") = "Unity.CollabProxy.Editor", "Unity.CollabProxy.Editor.csproj", "{7F961865-2F49-2B5C-63C0-E268D98B0437}"
EndProject
Project("{FAE04EC0-301F-11D3-BF4B-00C04F79EFBC}") = "PsdPlugin", "PsdPlugin.csproj", "{0BFF826C-D11D-8CB7-E0B7-26C0B3494F04}"
EndProject
Project("{FAE04EC0-301F-11D3-BF4B-00C04F79EFBC}") = "Unity.2D.Path.Editor", "Unity.2D.Path.Editor.csproj", "{670D0A9A-76D8-2355-CD9A-B934B089E713}"
EndProject
Project("{FAE04EC0-301F-11D3-BF4B-00C04F79EFBC}") = "Unity.Rider.Editor", "Unity.Rider.Editor.csproj", "{FFE6CE88-D73A-14A8-5A0D-13878574EBD3}"
EndProject
Project("{FAE04EC0-301F-11D3-BF4B-00C04F79EFBC}") = "Unity.2D.IK.Editor", "Unity.2D.IK.Editor.csproj", "{75DBFA35-FFAF-FB65-70BE-43B1E2B754FC}"
EndProject
Project("{FAE04EC0-301F-11D3-BF4B-00C04F79EFBC}") = "Unity.2D.Sprite.Editor", "Unity.2D.Sprite.Editor.csproj", "{DDCCF2A8-5407-F740-FDF3-B8DE7336EEDB}"
EndProject
Project("{FAE04EC0-301F-11D3-BF4B-00C04F79EFBC}") = "Unity.2D.Tilemap.Editor", "Unity.2D.Tilemap.Editor.csproj", "{0BFD1067-30A5-8C7A-889C-97C88D213BE4}"
EndProject
Project("{FAE04EC0-301F-11D3-BF4B-00C04F79EFBC}") = "Unity.2D.PixelPerfect.Editor", "Unity.2D.PixelPerfect.Editor.csproj", "{A5E80F5E-002C-91C2-0949-53FA2F925892}"
EndProject
Project("{FAE04EC0-301F-11D3-BF4B-00C04F79EFBC}") = "Unity.VSCode.Editor", "Unity.VSCode.Editor.csproj", "{2F613668-14BE-A25C-6CDF-404A79E6A2C3}"
EndProject
Project("{FAE04EC0-301F-11D3-BF4B-00C04F79EFBC}") = "Unity.2D.Common.Editor", "Unity.2D.Common.Editor.csproj", "{A69076AF-225F-DD4B-1620-702237D3FB25}"
EndProject
Project("{FAE04EC0-301F-11D3-BF4B-00C04F79EFBC}") = "Unity.Mathematics.Editor", "Unity.Mathematics.Editor.csproj", "{F4ACF4FF-2C6A-8D09-2ED2-A3403043C491}"
EndProject
Project("{FAE04EC0-301F-11D3-BF4B-00C04F79EFBC}") = "Unity.InternalAPIEditorBridge.001", "Unity.InternalAPIEditorBridge.001.csproj", "{A68DECCD-B3EF-BE19-C5E6-3B77380F0329}"
EndProject
Project("{FAE04EC0-301F-11D3-BF4B-00C04F79EFBC}") = "UnityEngine.UI", "UnityEngine.UI.Player.csproj", "{AD47C006-B15E-648A-AC27-75C9A11EF6BC}"
EndProject
Project("{FAE04EC0-301F-11D3-BF4B-00C04F79EFBC}") = "UnityEngine.TestRunner", "UnityEngine.TestRunner.Player.csproj", "{A6B6CEEE-1CEA-89CC-147B-4FED55DE826E}"
EndProject
Project("{FAE04EC0-301F-11D3-BF4B-00C04F79EFBC}") = "Unity.Mathematics", "Unity.Mathematics.Player.csproj", "{9F39DFFF-6CD2-D29E-95F9-FAA00769B695}"
EndProject
Project("{FAE04EC0-301F-11D3-BF4B-00C04F79EFBC}") = "Unity.2D.Animation.Triangle.Runtime", "Unity.2D.Animation.Triangle.Runtime.Player.csproj", "{30412211-4908-04B2-3829-0CE763A3BE84}"
EndProject
Project("{FAE04EC0-301F-11D3-BF4B-00C04F79EFBC}") = "Unity.Timeline", "Unity.Timeline.Player.csproj", "{6E01B330-4E49-068C-4799-64FAF87456EC}"
EndProject
Project("{FAE04EC0-301F-11D3-BF4B-00C04F79EFBC}") = "Unity.TextMeshPro", "Unity.TextMeshPro.Player.csproj", "{5C2A8758-E004-79A5-5933-F7D272AF7828}"
EndProject
Project("{FAE04EC0-301F-11D3-BF4B-00C04F79EFBC}") = "Unity.2D.Animation.Runtime", "Unity.2D.Animation.Runtime.Player.csproj", "{5A41A854-548E-EF1C-FCCD-C486F8F4CACD}"
EndProject
Project("{FAE04EC0-301F-11D3-BF4B-00C04F79EFBC}") = "Unity.2D.IK.Runtime", "Unity.2D.IK.Runtime.Player.csproj", "{37A9208D-52F8-5FF4-706B-239E6A3BC04C}"
EndProject
Project("{FAE04EC0-301F-11D3-BF4B-00C04F79EFBC}") = "Unity.2D.SpriteShape.Runtime", "Unity.2D.SpriteShape.Runtime.Player.csproj", "{142F4F00-E11F-B0B4-7D5F-435D03FECC92}"
EndProject
Project("{FAE04EC0-301F-11D3-BF4B-00C04F79EFBC}") = "Assembly-CSharp", "Assembly-CSharp.Player.csproj", "{FEFBF94F-0D0C-CD9E-0B66-25FA5C58E0BA}"
EndProject
Project("{FAE04EC0-301F-11D3-BF4B-00C04F79EFBC}") = "Unity.2D.PixelPerfect", "Unity.2D.PixelPerfect.Player.csproj", "{CF556B30-FAAF-E895-E3FC-2AF33E3475DA}"
EndProject
Project("{FAE04EC0-301F-11D3-BF4B-00C04F79EFBC}") = "Unity.2D.Common.Runtime", "Unity.2D.Common.Runtime.Player.csproj", "{A05ADD4A-052A-2BF4-1972-5512D8DB121F}"
EndProject
Project("{FAE04EC0-301F-11D3-BF4B-00C04F79EFBC}") = "Unity.InternalAPIEngineBridge.001", "Unity.InternalAPIEngineBridge.001.Player.csproj", "{B73BC917-1841-2756-F181-1B283EDD23D7}"
EndProject
Global
	GlobalSection(SolutionConfigurationPlatforms) = preSolution
		Debug|Any CPU = Debug|Any CPU
		Release|Any CPU = Release|Any CPU
	EndGlobalSection
	GlobalSection(ProjectConfigurationPlatforms) = postSolution
		{54EA0A08-0FBE-C91B-66AA-7A977471196E}.Debug|Any CPU.ActiveCfg = Debug|Any CPU
		{54EA0A08-0FBE-C91B-66AA-7A977471196E}.Debug|Any CPU.Build.0 = Debug|Any CPU
		{54EA0A08-0FBE-C91B-66AA-7A977471196E}.Release|Any CPU.ActiveCfg = Release|Any CPU
		{54EA0A08-0FBE-C91B-66AA-7A977471196E}.Release|Any CPU.Build.0 = Release|Any CPU
		{BBE8A993-39A6-07A4-59E3-47DB62505201}.Debug|Any CPU.ActiveCfg = Debug|Any CPU
		{BBE8A993-39A6-07A4-59E3-47DB62505201}.Debug|Any CPU.Build.0 = Debug|Any CPU
		{BBE8A993-39A6-07A4-59E3-47DB62505201}.Release|Any CPU.ActiveCfg = Release|Any CPU
		{BBE8A993-39A6-07A4-59E3-47DB62505201}.Release|Any CPU.Build.0 = Release|Any CPU
		{53D977D7-DF62-11D3-2827-A99F21F7A627}.Debug|Any CPU.ActiveCfg = Debug|Any CPU
		{53D977D7-DF62-11D3-2827-A99F21F7A627}.Debug|Any CPU.Build.0 = Debug|Any CPU
		{53D977D7-DF62-11D3-2827-A99F21F7A627}.Release|Any CPU.ActiveCfg = Release|Any CPU
		{53D977D7-DF62-11D3-2827-A99F21F7A627}.Release|Any CPU.Build.0 = Release|Any CPU
		{AB7A8C04-E4A0-9244-B292-CB90E2E1190E}.Debug|Any CPU.ActiveCfg = Debug|Any CPU
		{AB7A8C04-E4A0-9244-B292-CB90E2E1190E}.Debug|Any CPU.Build.0 = Debug|Any CPU
		{AB7A8C04-E4A0-9244-B292-CB90E2E1190E}.Release|Any CPU.ActiveCfg = Release|Any CPU
		{AB7A8C04-E4A0-9244-B292-CB90E2E1190E}.Release|Any CPU.Build.0 = Release|Any CPU
		{0C7A42EC-48D0-3D98-6315-6670118175A2}.Debug|Any CPU.ActiveCfg = Debug|Any CPU
		{0C7A42EC-48D0-3D98-6315-6670118175A2}.Debug|Any CPU.Build.0 = Debug|Any CPU
		{0C7A42EC-48D0-3D98-6315-6670118175A2}.Release|Any CPU.ActiveCfg = Release|Any CPU
		{0C7A42EC-48D0-3D98-6315-6670118175A2}.Release|Any CPU.Build.0 = Release|Any CPU
		{D48C9171-566F-1345-F6EC-411AC2E65FC7}.Debug|Any CPU.ActiveCfg = Debug|Any CPU
		{D48C9171-566F-1345-F6EC-411AC2E65FC7}.Debug|Any CPU.Build.0 = Debug|Any CPU
		{D48C9171-566F-1345-F6EC-411AC2E65FC7}.Release|Any CPU.ActiveCfg = Release|Any CPU
		{D48C9171-566F-1345-F6EC-411AC2E65FC7}.Release|Any CPU.Build.0 = Release|Any CPU
		{B07F55A3-7B87-03A4-B2BC-F9030958C095}.Debug|Any CPU.ActiveCfg = Debug|Any CPU
		{B07F55A3-7B87-03A4-B2BC-F9030958C095}.Debug|Any CPU.Build.0 = Debug|Any CPU
		{B07F55A3-7B87-03A4-B2BC-F9030958C095}.Release|Any CPU.ActiveCfg = Release|Any CPU
		{B07F55A3-7B87-03A4-B2BC-F9030958C095}.Release|Any CPU.Build.0 = Release|Any CPU
		{00946800-9838-65EB-0B6F-3F18FE1F8E49}.Debug|Any CPU.ActiveCfg = Debug|Any CPU
		{00946800-9838-65EB-0B6F-3F18FE1F8E49}.Debug|Any CPU.Build.0 = Debug|Any CPU
		{00946800-9838-65EB-0B6F-3F18FE1F8E49}.Release|Any CPU.ActiveCfg = Release|Any CPU
		{00946800-9838-65EB-0B6F-3F18FE1F8E49}.Release|Any CPU.Build.0 = Release|Any CPU
		{76CB7F70-365B-82A9-7077-90EF154BC80B}.Debug|Any CPU.ActiveCfg = Debug|Any CPU
		{76CB7F70-365B-82A9-7077-90EF154BC80B}.Debug|Any CPU.Build.0 = Debug|Any CPU
		{76CB7F70-365B-82A9-7077-90EF154BC80B}.Release|Any CPU.ActiveCfg = Release|Any CPU
		{76CB7F70-365B-82A9-7077-90EF154BC80B}.Release|Any CPU.Build.0 = Release|Any CPU
		{2C4A69FD-65C5-51D5-16C6-FFEB9B2DDE07}.Debug|Any CPU.ActiveCfg = Debug|Any CPU
		{2C4A69FD-65C5-51D5-16C6-FFEB9B2DDE07}.Debug|Any CPU.Build.0 = Debug|Any CPU
		{2C4A69FD-65C5-51D5-16C6-FFEB9B2DDE07}.Release|Any CPU.ActiveCfg = Release|Any CPU
		{2C4A69FD-65C5-51D5-16C6-FFEB9B2DDE07}.Release|Any CPU.Build.0 = Release|Any CPU
		{DF060C37-B4F5-7880-01BA-D87A0232B1FD}.Debug|Any CPU.ActiveCfg = Debug|Any CPU
		{DF060C37-B4F5-7880-01BA-D87A0232B1FD}.Debug|Any CPU.Build.0 = Debug|Any CPU
		{DF060C37-B4F5-7880-01BA-D87A0232B1FD}.Release|Any CPU.ActiveCfg = Release|Any CPU
		{DF060C37-B4F5-7880-01BA-D87A0232B1FD}.Release|Any CPU.Build.0 = Release|Any CPU
		{819D1404-5E3F-5E78-41E4-7D2B138A7507}.Debug|Any CPU.ActiveCfg = Debug|Any CPU
		{819D1404-5E3F-5E78-41E4-7D2B138A7507}.Debug|Any CPU.Build.0 = Debug|Any CPU
		{819D1404-5E3F-5E78-41E4-7D2B138A7507}.Release|Any CPU.ActiveCfg = Release|Any CPU
		{819D1404-5E3F-5E78-41E4-7D2B138A7507}.Release|Any CPU.Build.0 = Release|Any CPU
		{D1982816-703C-2FDF-1D34-D5792C450CAE}.Debug|Any CPU.ActiveCfg = Debug|Any CPU
		{D1982816-703C-2FDF-1D34-D5792C450CAE}.Debug|Any CPU.Build.0 = Debug|Any CPU
		{D1982816-703C-2FDF-1D34-D5792C450CAE}.Release|Any CPU.ActiveCfg = Release|Any CPU
		{D1982816-703C-2FDF-1D34-D5792C450CAE}.Release|Any CPU.Build.0 = Release|Any CPU
		{85064787-403A-66FC-A654-DC3A96D699EE}.Debug|Any CPU.ActiveCfg = Debug|Any CPU
		{85064787-403A-66FC-A654-DC3A96D699EE}.Debug|Any CPU.Build.0 = Debug|Any CPU
		{85064787-403A-66FC-A654-DC3A96D699EE}.Release|Any CPU.ActiveCfg = Release|Any CPU
		{85064787-403A-66FC-A654-DC3A96D699EE}.Release|Any CPU.Build.0 = Release|Any CPU
		{943ECBD0-80B6-8F88-6585-2CE3FDCBCE9C}.Debug|Any CPU.ActiveCfg = Debug|Any CPU
		{943ECBD0-80B6-8F88-6585-2CE3FDCBCE9C}.Debug|Any CPU.Build.0 = Debug|Any CPU
		{943ECBD0-80B6-8F88-6585-2CE3FDCBCE9C}.Release|Any CPU.ActiveCfg = Release|Any CPU
		{943ECBD0-80B6-8F88-6585-2CE3FDCBCE9C}.Release|Any CPU.Build.0 = Release|Any CPU
		{C92B299C-7D76-C002-AC95-F68849CAEF47}.Debug|Any CPU.ActiveCfg = Debug|Any CPU
		{C92B299C-7D76-C002-AC95-F68849CAEF47}.Debug|Any CPU.Build.0 = Debug|Any CPU
		{C92B299C-7D76-C002-AC95-F68849CAEF47}.Release|Any CPU.ActiveCfg = Release|Any CPU
		{C92B299C-7D76-C002-AC95-F68849CAEF47}.Release|Any CPU.Build.0 = Release|Any CPU
		{12965A71-B5E9-5170-7F16-401BADA41939}.Debug|Any CPU.ActiveCfg = Debug|Any CPU
		{12965A71-B5E9-5170-7F16-401BADA41939}.Debug|Any CPU.Build.0 = Debug|Any CPU
		{12965A71-B5E9-5170-7F16-401BADA41939}.Release|Any CPU.ActiveCfg = Release|Any CPU
		{12965A71-B5E9-5170-7F16-401BADA41939}.Release|Any CPU.Build.0 = Release|Any CPU
		{0E746D07-4A19-CECE-2C11-980B64212FD0}.Debug|Any CPU.ActiveCfg = Debug|Any CPU
		{0E746D07-4A19-CECE-2C11-980B64212FD0}.Debug|Any CPU.Build.0 = Debug|Any CPU
		{0E746D07-4A19-CECE-2C11-980B64212FD0}.Release|Any CPU.ActiveCfg = Release|Any CPU
		{0E746D07-4A19-CECE-2C11-980B64212FD0}.Release|Any CPU.Build.0 = Release|Any CPU
		{5F0E373F-734E-9478-7BC4-4512F2BF6A38}.Debug|Any CPU.ActiveCfg = Debug|Any CPU
		{5F0E373F-734E-9478-7BC4-4512F2BF6A38}.Debug|Any CPU.Build.0 = Debug|Any CPU
		{5F0E373F-734E-9478-7BC4-4512F2BF6A38}.Release|Any CPU.ActiveCfg = Release|Any CPU
		{5F0E373F-734E-9478-7BC4-4512F2BF6A38}.Release|Any CPU.Build.0 = Release|Any CPU
		{CF2CE575-75F1-6872-EE79-A44722BB5D67}.Debug|Any CPU.ActiveCfg = Debug|Any CPU
		{CF2CE575-75F1-6872-EE79-A44722BB5D67}.Debug|Any CPU.Build.0 = Debug|Any CPU
		{CF2CE575-75F1-6872-EE79-A44722BB5D67}.Release|Any CPU.ActiveCfg = Release|Any CPU
		{CF2CE575-75F1-6872-EE79-A44722BB5D67}.Release|Any CPU.Build.0 = Release|Any CPU
		{936ED0B0-5F0C-E30C-D12E-D691366AE729}.Debug|Any CPU.ActiveCfg = Debug|Any CPU
		{936ED0B0-5F0C-E30C-D12E-D691366AE729}.Debug|Any CPU.Build.0 = Debug|Any CPU
		{936ED0B0-5F0C-E30C-D12E-D691366AE729}.Release|Any CPU.ActiveCfg = Release|Any CPU
		{936ED0B0-5F0C-E30C-D12E-D691366AE729}.Release|Any CPU.Build.0 = Release|Any CPU
		{7F961865-2F49-2B5C-63C0-E268D98B0437}.Debug|Any CPU.ActiveCfg = Debug|Any CPU
		{7F961865-2F49-2B5C-63C0-E268D98B0437}.Debug|Any CPU.Build.0 = Debug|Any CPU
		{7F961865-2F49-2B5C-63C0-E268D98B0437}.Release|Any CPU.ActiveCfg = Release|Any CPU
		{7F961865-2F49-2B5C-63C0-E268D98B0437}.Release|Any CPU.Build.0 = Release|Any CPU
		{0BFF826C-D11D-8CB7-E0B7-26C0B3494F04}.Debug|Any CPU.ActiveCfg = Debug|Any CPU
		{0BFF826C-D11D-8CB7-E0B7-26C0B3494F04}.Debug|Any CPU.Build.0 = Debug|Any CPU
		{0BFF826C-D11D-8CB7-E0B7-26C0B3494F04}.Release|Any CPU.ActiveCfg = Release|Any CPU
		{0BFF826C-D11D-8CB7-E0B7-26C0B3494F04}.Release|Any CPU.Build.0 = Release|Any CPU
		{670D0A9A-76D8-2355-CD9A-B934B089E713}.Debug|Any CPU.ActiveCfg = Debug|Any CPU
		{670D0A9A-76D8-2355-CD9A-B934B089E713}.Debug|Any CPU.Build.0 = Debug|Any CPU
		{670D0A9A-76D8-2355-CD9A-B934B089E713}.Release|Any CPU.ActiveCfg = Release|Any CPU
		{670D0A9A-76D8-2355-CD9A-B934B089E713}.Release|Any CPU.Build.0 = Release|Any CPU
		{FFE6CE88-D73A-14A8-5A0D-13878574EBD3}.Debug|Any CPU.ActiveCfg = Debug|Any CPU
		{FFE6CE88-D73A-14A8-5A0D-13878574EBD3}.Debug|Any CPU.Build.0 = Debug|Any CPU
		{FFE6CE88-D73A-14A8-5A0D-13878574EBD3}.Release|Any CPU.ActiveCfg = Release|Any CPU
		{FFE6CE88-D73A-14A8-5A0D-13878574EBD3}.Release|Any CPU.Build.0 = Release|Any CPU
		{75DBFA35-FFAF-FB65-70BE-43B1E2B754FC}.Debug|Any CPU.ActiveCfg = Debug|Any CPU
		{75DBFA35-FFAF-FB65-70BE-43B1E2B754FC}.Debug|Any CPU.Build.0 = Debug|Any CPU
		{75DBFA35-FFAF-FB65-70BE-43B1E2B754FC}.Release|Any CPU.ActiveCfg = Release|Any CPU
		{75DBFA35-FFAF-FB65-70BE-43B1E2B754FC}.Release|Any CPU.Build.0 = Release|Any CPU
		{DDCCF2A8-5407-F740-FDF3-B8DE7336EEDB}.Debug|Any CPU.ActiveCfg = Debug|Any CPU
		{DDCCF2A8-5407-F740-FDF3-B8DE7336EEDB}.Debug|Any CPU.Build.0 = Debug|Any CPU
		{DDCCF2A8-5407-F740-FDF3-B8DE7336EEDB}.Release|Any CPU.ActiveCfg = Release|Any CPU
		{DDCCF2A8-5407-F740-FDF3-B8DE7336EEDB}.Release|Any CPU.Build.0 = Release|Any CPU
		{0BFD1067-30A5-8C7A-889C-97C88D213BE4}.Debug|Any CPU.ActiveCfg = Debug|Any CPU
		{0BFD1067-30A5-8C7A-889C-97C88D213BE4}.Debug|Any CPU.Build.0 = Debug|Any CPU
		{0BFD1067-30A5-8C7A-889C-97C88D213BE4}.Release|Any CPU.ActiveCfg = Release|Any CPU
		{0BFD1067-30A5-8C7A-889C-97C88D213BE4}.Release|Any CPU.Build.0 = Release|Any CPU
		{A5E80F5E-002C-91C2-0949-53FA2F925892}.Debug|Any CPU.ActiveCfg = Debug|Any CPU
		{A5E80F5E-002C-91C2-0949-53FA2F925892}.Debug|Any CPU.Build.0 = Debug|Any CPU
		{A5E80F5E-002C-91C2-0949-53FA2F925892}.Release|Any CPU.ActiveCfg = Release|Any CPU
		{A5E80F5E-002C-91C2-0949-53FA2F925892}.Release|Any CPU.Build.0 = Release|Any CPU
		{2F613668-14BE-A25C-6CDF-404A79E6A2C3}.Debug|Any CPU.ActiveCfg = Debug|Any CPU
		{2F613668-14BE-A25C-6CDF-404A79E6A2C3}.Debug|Any CPU.Build.0 = Debug|Any CPU
		{2F613668-14BE-A25C-6CDF-404A79E6A2C3}.Release|Any CPU.ActiveCfg = Release|Any CPU
		{2F613668-14BE-A25C-6CDF-404A79E6A2C3}.Release|Any CPU.Build.0 = Release|Any CPU
		{A69076AF-225F-DD4B-1620-702237D3FB25}.Debug|Any CPU.ActiveCfg = Debug|Any CPU
		{A69076AF-225F-DD4B-1620-702237D3FB25}.Debug|Any CPU.Build.0 = Debug|Any CPU
		{A69076AF-225F-DD4B-1620-702237D3FB25}.Release|Any CPU.ActiveCfg = Release|Any CPU
		{A69076AF-225F-DD4B-1620-702237D3FB25}.Release|Any CPU.Build.0 = Release|Any CPU
		{F4ACF4FF-2C6A-8D09-2ED2-A3403043C491}.Debug|Any CPU.ActiveCfg = Debug|Any CPU
		{F4ACF4FF-2C6A-8D09-2ED2-A3403043C491}.Debug|Any CPU.Build.0 = Debug|Any CPU
		{F4ACF4FF-2C6A-8D09-2ED2-A3403043C491}.Release|Any CPU.ActiveCfg = Release|Any CPU
		{F4ACF4FF-2C6A-8D09-2ED2-A3403043C491}.Release|Any CPU.Build.0 = Release|Any CPU
		{A68DECCD-B3EF-BE19-C5E6-3B77380F0329}.Debug|Any CPU.ActiveCfg = Debug|Any CPU
		{A68DECCD-B3EF-BE19-C5E6-3B77380F0329}.Debug|Any CPU.Build.0 = Debug|Any CPU
		{A68DECCD-B3EF-BE19-C5E6-3B77380F0329}.Release|Any CPU.ActiveCfg = Release|Any CPU
		{A68DECCD-B3EF-BE19-C5E6-3B77380F0329}.Release|Any CPU.Build.0 = Release|Any CPU
		{AD47C006-B15E-648A-AC27-75C9A11EF6BC}.Debug|Any CPU.ActiveCfg = Debug|Any CPU
		{AD47C006-B15E-648A-AC27-75C9A11EF6BC}.Debug|Any CPU.Build.0 = Debug|Any CPU
		{AD47C006-B15E-648A-AC27-75C9A11EF6BC}.Release|Any CPU.ActiveCfg = Release|Any CPU
		{AD47C006-B15E-648A-AC27-75C9A11EF6BC}.Release|Any CPU.Build.0 = Release|Any CPU
		{A6B6CEEE-1CEA-89CC-147B-4FED55DE826E}.Debug|Any CPU.ActiveCfg = Debug|Any CPU
		{A6B6CEEE-1CEA-89CC-147B-4FED55DE826E}.Debug|Any CPU.Build.0 = Debug|Any CPU
		{A6B6CEEE-1CEA-89CC-147B-4FED55DE826E}.Release|Any CPU.ActiveCfg = Release|Any CPU
		{A6B6CEEE-1CEA-89CC-147B-4FED55DE826E}.Release|Any CPU.Build.0 = Release|Any CPU
		{9F39DFFF-6CD2-D29E-95F9-FAA00769B695}.Debug|Any CPU.ActiveCfg = Debug|Any CPU
		{9F39DFFF-6CD2-D29E-95F9-FAA00769B695}.Debug|Any CPU.Build.0 = Debug|Any CPU
		{9F39DFFF-6CD2-D29E-95F9-FAA00769B695}.Release|Any CPU.ActiveCfg = Release|Any CPU
		{9F39DFFF-6CD2-D29E-95F9-FAA00769B695}.Release|Any CPU.Build.0 = Release|Any CPU
		{30412211-4908-04B2-3829-0CE763A3BE84}.Debug|Any CPU.ActiveCfg = Debug|Any CPU
		{30412211-4908-04B2-3829-0CE763A3BE84}.Debug|Any CPU.Build.0 = Debug|Any CPU
		{30412211-4908-04B2-3829-0CE763A3BE84}.Release|Any CPU.ActiveCfg = Release|Any CPU
		{30412211-4908-04B2-3829-0CE763A3BE84}.Release|Any CPU.Build.0 = Release|Any CPU
		{6E01B330-4E49-068C-4799-64FAF87456EC}.Debug|Any CPU.ActiveCfg = Debug|Any CPU
		{6E01B330-4E49-068C-4799-64FAF87456EC}.Debug|Any CPU.Build.0 = Debug|Any CPU
		{6E01B330-4E49-068C-4799-64FAF87456EC}.Release|Any CPU.ActiveCfg = Release|Any CPU
		{6E01B330-4E49-068C-4799-64FAF87456EC}.Release|Any CPU.Build.0 = Release|Any CPU
		{5C2A8758-E004-79A5-5933-F7D272AF7828}.Debug|Any CPU.ActiveCfg = Debug|Any CPU
		{5C2A8758-E004-79A5-5933-F7D272AF7828}.Debug|Any CPU.Build.0 = Debug|Any CPU
		{5C2A8758-E004-79A5-5933-F7D272AF7828}.Release|Any CPU.ActiveCfg = Release|Any CPU
		{5C2A8758-E004-79A5-5933-F7D272AF7828}.Release|Any CPU.Build.0 = Release|Any CPU
		{5A41A854-548E-EF1C-FCCD-C486F8F4CACD}.Debug|Any CPU.ActiveCfg = Debug|Any CPU
		{5A41A854-548E-EF1C-FCCD-C486F8F4CACD}.Debug|Any CPU.Build.0 = Debug|Any CPU
		{5A41A854-548E-EF1C-FCCD-C486F8F4CACD}.Release|Any CPU.ActiveCfg = Release|Any CPU
		{5A41A854-548E-EF1C-FCCD-C486F8F4CACD}.Release|Any CPU.Build.0 = Release|Any CPU
		{37A9208D-52F8-5FF4-706B-239E6A3BC04C}.Debug|Any CPU.ActiveCfg = Debug|Any CPU
		{37A9208D-52F8-5FF4-706B-239E6A3BC04C}.Debug|Any CPU.Build.0 = Debug|Any CPU
		{37A9208D-52F8-5FF4-706B-239E6A3BC04C}.Release|Any CPU.ActiveCfg = Release|Any CPU
		{37A9208D-52F8-5FF4-706B-239E6A3BC04C}.Release|Any CPU.Build.0 = Release|Any CPU
		{142F4F00-E11F-B0B4-7D5F-435D03FECC92}.Debug|Any CPU.ActiveCfg = Debug|Any CPU
		{142F4F00-E11F-B0B4-7D5F-435D03FECC92}.Debug|Any CPU.Build.0 = Debug|Any CPU
		{142F4F00-E11F-B0B4-7D5F-435D03FECC92}.Release|Any CPU.ActiveCfg = Release|Any CPU
		{142F4F00-E11F-B0B4-7D5F-435D03FECC92}.Release|Any CPU.Build.0 = Release|Any CPU
		{FEFBF94F-0D0C-CD9E-0B66-25FA5C58E0BA}.Debug|Any CPU.ActiveCfg = Debug|Any CPU
		{FEFBF94F-0D0C-CD9E-0B66-25FA5C58E0BA}.Debug|Any CPU.Build.0 = Debug|Any CPU
		{FEFBF94F-0D0C-CD9E-0B66-25FA5C58E0BA}.Release|Any CPU.ActiveCfg = Release|Any CPU
		{FEFBF94F-0D0C-CD9E-0B66-25FA5C58E0BA}.Release|Any CPU.Build.0 = Release|Any CPU
		{CF556B30-FAAF-E895-E3FC-2AF33E3475DA}.Debug|Any CPU.ActiveCfg = Debug|Any CPU
		{CF556B30-FAAF-E895-E3FC-2AF33E3475DA}.Debug|Any CPU.Build.0 = Debug|Any CPU
		{CF556B30-FAAF-E895-E3FC-2AF33E3475DA}.Release|Any CPU.ActiveCfg = Release|Any CPU
		{CF556B30-FAAF-E895-E3FC-2AF33E3475DA}.Release|Any CPU.Build.0 = Release|Any CPU
		{A05ADD4A-052A-2BF4-1972-5512D8DB121F}.Debug|Any CPU.ActiveCfg = Debug|Any CPU
		{A05ADD4A-052A-2BF4-1972-5512D8DB121F}.Debug|Any CPU.Build.0 = Debug|Any CPU
		{A05ADD4A-052A-2BF4-1972-5512D8DB121F}.Release|Any CPU.ActiveCfg = Release|Any CPU
		{A05ADD4A-052A-2BF4-1972-5512D8DB121F}.Release|Any CPU.Build.0 = Release|Any CPU
		{B73BC917-1841-2756-F181-1B283EDD23D7}.Debug|Any CPU.ActiveCfg = Debug|Any CPU
		{B73BC917-1841-2756-F181-1B283EDD23D7}.Debug|Any CPU.Build.0 = Debug|Any CPU
		{B73BC917-1841-2756-F181-1B283EDD23D7}.Release|Any CPU.ActiveCfg = Release|Any CPU
		{B73BC917-1841-2756-F181-1B283EDD23D7}.Release|Any CPU.Build.0 = Release|Any CPU
	EndGlobalSection
	GlobalSection(SolutionProperties) = preSolution
		HideSolutionNode = FALSE
	EndGlobalSection
EndGlobal
